
Microsoft Visual Studio Solution File, Format Version 12.00
# Visual Studio Version 17
VisualStudioVersion = 17.1.32414.318
MinimumVisualStudioVersion = 10.0.40219.1
Project("{FAE04EC0-301F-11D3-BF4B-00C04F79EFBC}") = "Lab05OP", "Lab05OP\Lab05OP.csproj", "{10204D1C-F9B0-4AF8-B366-25F10A3B0D7C}"
EndProject
Global
	GlobalSection(SolutionConfigurationPlatforms) = preSolution
		Debug|Any CPU = Debug|Any CPU
		Release|Any CPU = Release|Any CPU
	EndGlobalSection
	GlobalSection(ProjectConfigurationPlatforms) = postSolution
		{10204D1C-F9B0-4AF8-B366-25F10A3B0D7C}.Debug|Any CPU.ActiveCfg = Debug|Any CPU
		{10204D1C-F9B0-4AF8-B366-25F10A3B0D7C}.Debug|Any CPU.Build.0 = Debug|Any CPU
		{10204D1C-F9B0-4AF8-B366-25F10A3B0D7C}.Release|Any CPU.ActiveCfg = Release|Any CPU
		{10204D1C-F9B0-4AF8-B366-25F10A3B0D7C}.Release|Any CPU.Build.0 = Release|Any CPU
	EndGlobalSection
	GlobalSection(SolutionProperties) = preSolution
		HideSolutionNode = FALSE
	EndGlobalSection
	GlobalSection(ExtensibilityGlobals) = postSolution
		SolutionGuid = {43383246-21F7-446E-A948-0B4BDD403FDE}
	EndGlobalSection
EndGlobal
