
Microsoft Visual Studio Solution File, Format Version 12.00
# Visual Studio Version 16
VisualStudioVersion = 16.0.31624.102
MinimumVisualStudioVersion = 10.0.40219.1
Project("{9A19103F-16F7-4668-BE54-9A1E7A4F7556}") = "WpfApp3", "WpfApp1\WpfApp3.csproj", "{F44D1FF6-5557-4A5C-9B51-E370C7521591}"
EndProject
Global
	GlobalSection(SolutionConfigurationPlatforms) = preSolution
		Debug|Any CPU = Debug|Any CPU
		Release|Any CPU = Release|Any CPU
	EndGlobalSection
	GlobalSection(ProjectConfigurationPlatforms) = postSolution
		{F44D1FF6-5557-4A5C-9B51-E370C7521591}.Debug|Any CPU.ActiveCfg = Debug|Any CPU
		{F44D1FF6-5557-4A5C-9B51-E370C7521591}.Debug|Any CPU.Build.0 = Debug|Any CPU
		{F44D1FF6-5557-4A5C-9B51-E370C7521591}.Release|Any CPU.ActiveCfg = Release|Any CPU
		{F44D1FF6-5557-4A5C-9B51-E370C7521591}.Release|Any CPU.Build.0 = Release|Any CPU
	EndGlobalSection
	GlobalSection(SolutionProperties) = preSolution
		HideSolutionNode = FALSE
	EndGlobalSection
	GlobalSection(ExtensibilityGlobals) = postSolution
		SolutionGuid = {C89494B6-9FE8-4613-A498-EA4F7909F12E}
	EndGlobalSection
EndGlobal
