
Microsoft Visual Studio Solution File, Format Version 12.00
# Visual Studio Version 16
VisualStudioVersion = 16.0.31624.102
MinimumVisualStudioVersion = 10.0.40219.1
Project("{FAE04EC0-301F-11D3-BF4B-00C04F79EFBC}") = "WPF2Indntfyer", "WPF2Indntfyer\WPF2Indntfyer.csproj", "{7675EFEB-D840-44BC-9BFE-082B34BD5515}"
EndProject
Global
	GlobalSection(SolutionConfigurationPlatforms) = preSolution
		Debug|Any CPU = Debug|Any CPU
		Release|Any CPU = Release|Any CPU
	EndGlobalSection
	GlobalSection(ProjectConfigurationPlatforms) = postSolution
		{7675EFEB-D840-44BC-9BFE-082B34BD5515}.Debug|Any CPU.ActiveCfg = Debug|Any CPU
		{7675EFEB-D840-44BC-9BFE-082B34BD5515}.Debug|Any CPU.Build.0 = Debug|Any CPU
		{7675EFEB-D840-44BC-9BFE-082B34BD5515}.Release|Any CPU.ActiveCfg = Release|Any CPU
		{7675EFEB-D840-44BC-9BFE-082B34BD5515}.Release|Any CPU.Build.0 = Release|Any CPU
	EndGlobalSection
	GlobalSection(SolutionProperties) = preSolution
		HideSolutionNode = FALSE
	EndGlobalSection
	GlobalSection(ExtensibilityGlobals) = postSolution
		SolutionGuid = {01F29014-75A6-4609-897D-CEC079C1A06A}
	EndGlobalSection
EndGlobal
